{
  "version": 4,
  "terraform_version": "1.15.8",
  "serial": 1,
  "lineage": "e2df1a5b-c22f-a628-f5c2-fb5e4378dbd6",
  "outputs": {},
  "resources": [
    {
      "mode": "managed",
      "type": "helm_release",
      "name": "vault",
      "provider": "provider[\"registry.terraform.io/hashicorp/helm\"]",
      "instances": [
        {
          "schema_version": 1,
          "attributes": {
            "atomic": false,
            "chart": "./vault-helm-0.34.1.tar.gz",
            "cleanup_on_fail": false,
            "create_namespace": false,
            "dependency_update": false,
            "description": null,
            "devel": null,
            "disable_crd_hooks": false,
            "disable_openapi_validation": false,
            "disable_webhooks": false,
            "force_update": false,
            "id": "prod-vault",
            "keyring": null,
            "lint": false,
            "manifest": null,
            "max_history": 0,
            "metadata": [
              {
                "app_version": "2.0.4",
                "chart": "vault",
                "name": "prod-vault",
                "namespace": "default",
                "revision": 1,
                "values": "{\"injector\":{\"enabled\":false},\"server\":{\"dataStorage\":{\"enabled\":true,\"size\":\"1Gi\",\"storageClass\":\"local-path\"},\"resources\":{\"limits\":{\"cpu\":\"200m\",\"memory\":\"256Mi\"},\"requests\":{\"cpu\":\"100m\",\"memory\":\"128Mi\"}},\"service\":{\"nodePort\":31001,\"type\":\"NodePort\"},\"standalone\":{\"enabled\":true}},\"ui\":{\"enabled\":true,\"serviceType\":\"NodePort\"}}",
                "version": "0.34.1"
              }
            ],
            "name": "prod-vault",
            "namespace": "default",
            "pass_credentials": false,
            "postrender": [],
            "recreate_pods": false,
            "render_subchart_notes": true,
            "replace": false,
            "repository": null,
            "repository_ca_file": null,
            "repository_cert_file": null,
            "repository_key_file": null,
            "repository_password": null,
            "repository_username": null,
            "reset_values": false,
            "reuse_values": false,
            "set": [],
            "set_list": [],
            "set_sensitive": [],
            "skip_crds": false,
            "status": "deployed",
            "timeout": 300,
            "values": [
              "server:\n  # Включаем режим standalone (для одной ноды K3s)\n  standalone:\n    enabled: true\n      \n  # Ограничиваем ресурсы, чтобы не перегрузить виртуалку\n  resources:\n    limits:\n      cpu: 200m\n      memory: 256Mi\n    requests:\n      cpu: 100m\n      memory: 128Mi\n\n  # Открываем веб-интерфейс Vault наружу через NodePort\n  service:\n    type: NodePort\n    nodePort: 31001\n\n  dataStorage:\n     enabled: true\n     size: 1Gi\n     storageClass: \"local-path\"\n\n# Отключаем встроенный инжектор секретов (пока он нам не нужен для простоты)\ninjector:\n  enabled: false\n\n# Включаем удобный графический веб-интерфейс Vault (UI)\nui:\n  enabled: true\n  serviceType: \"NodePort\"\n"
            ],
            "verify": false,
            "version": "0.34.1",
            "wait": true,
            "wait_for_jobs": false
          },
          "sensitive_attributes": [
            [
              {
                "type": "get_attr",
                "value": "repository_password"
              }
            ]
          ],
          "identity_schema_version": 0,
          "private": "eyJzY2hlbWFfdmVyc2lvbiI6IjEifQ=="
        }
      ]
    }
  ],
  "check_results": null
}
