{
  "version": 4,
  "terraform_version": "1.15.8",
  "serial": 3,
  "lineage": "6e895dbf-2c68-61a7-0414-d261c90aca16",
  "outputs": {},
  "resources": [
    {
      "mode": "managed",
      "type": "helm_release",
      "name": "monitoring_stack",
      "provider": "provider[\"registry.terraform.io/hashicorp/helm\"]",
      "instances": [
        {
          "schema_version": 1,
          "attributes": {
            "atomic": false,
            "chart": "kube-prometheus-stack",
            "cleanup_on_fail": false,
            "create_namespace": true,
            "dependency_update": false,
            "description": null,
            "devel": null,
            "disable_crd_hooks": false,
            "disable_openapi_validation": false,
            "disable_webhooks": false,
            "force_update": false,
            "id": "dev-monitoring",
            "keyring": null,
            "lint": false,
            "manifest": null,
            "max_history": 0,
            "metadata": [
              {
                "app_version": "v0.93.0",
                "chart": "kube-prometheus-stack",
                "name": "dev-monitoring",
                "namespace": "dev",
                "revision": 1,
                "values": "{\"grafana\":{\"adminPassword\":\"admin\",\"resources\":{\"limits\":{\"cpu\":\"200m\",\"memory\":\"256Mi\"},\"requests\":{\"cpu\":\"100m\",\"memory\":\"128Mi\"}},\"service\":{\"nodePort\":32000,\"type\":\"NodePort\"}},\"prometheus\":{\"prometheusSpec\":{\"resources\":{\"limits\":{\"cpu\":\"300m\",\"memory\":\"512Mi\"},\"requests\":{\"cpu\":\"150m\",\"memory\":\"256Mi\"}}}}}",
                "version": "88.2.0"
              }
            ],
            "name": "dev-monitoring",
            "namespace": "dev",
            "pass_credentials": false,
            "postrender": [],
            "recreate_pods": false,
            "render_subchart_notes": true,
            "replace": false,
            "repository": "https://prometheus-community.github.io/helm-charts",
            "repository_ca_file": null,
            "repository_cert_file": null,
            "repository_key_file": null,
            "repository_password": null,
            "repository_username": null,
            "reset_values": false,
            "reuse_values": false,
            "set": [],
            "set_list": [],
            "set_sensitive": [],
            "skip_crds": false,
            "status": "deployed",
            "timeout": 300,
            "values": [
              "grafana:\n  adminPassword: \"admin\"\n  resources:\n    limits:\n      cpu: 200m\n      memory: 256Mi\n    requests:\n      cpu: 100m\n      memory: 128Mi\n  service:\n    type: NodePort\n    nodePort: 32000    \n\nprometheus:\n  prometheusSpec:\n    resources:\n      limits:\n        cpu: 300m\n        memory: 512Mi\n      requests:\n        cpu: 150m\n        memory: 256Mi\n"
            ],
            "verify": false,
            "version": "88.2.0",
            "wait": true,
            "wait_for_jobs": false
          },
          "sensitive_attributes": [
            [
              {
                "type": "get_attr",
                "value": "repository_password"
              }
            ]
          ],
          "identity_schema_version": 0,
          "private": "eyJzY2hlbWFfdmVyc2lvbiI6IjEifQ=="
        }
      ]
    }
  ],
  "check_results": null
}
